
Microsoft Visual Studio Solution File, Format Version 12.00
# Visual Studio Version 16
VisualStudioVersion = 16.0.29509.3
MinimumVisualStudioVersion = 10.0.40219.1
Project("{FAE04EC0-301F-11D3-BF4B-00C04F79EFBC}") = "WF_NED", "WF_NED\WF_NED.csproj", "{675FF3B4-7862-4CEA-AE94-50F3A4795C2C}"
EndProject
Project("{54435603-DBB4-11D2-8724-00A0C9A8B90C}") = "NeD", "NeD\NeD.vdproj", "{0B558213-9F79-40DF-B5D2-6DE0E134FA9C}"
EndProject
Global
	GlobalSection(SolutionConfigurationPlatforms) = preSolution
		Debug|Any CPU = Debug|Any CPU
		Release|Any CPU = Release|Any CPU
	EndGlobalSection
	GlobalSection(ProjectConfigurationPlatforms) = postSolution
		{675FF3B4-7862-4CEA-AE94-50F3A4795C2C}.Debug|Any CPU.ActiveCfg = Debug|Any CPU
		{675FF3B4-7862-4CEA-AE94-50F3A4795C2C}.Debug|Any CPU.Build.0 = Debug|Any CPU
		{675FF3B4-7862-4CEA-AE94-50F3A4795C2C}.Release|Any CPU.ActiveCfg = Release|Any CPU
		{675FF3B4-7862-4CEA-AE94-50F3A4795C2C}.Release|Any CPU.Build.0 = Release|Any CPU
		{0B558213-9F79-40DF-B5D2-6DE0E134FA9C}.Debug|Any CPU.ActiveCfg = Debug
		{0B558213-9F79-40DF-B5D2-6DE0E134FA9C}.Release|Any CPU.ActiveCfg = Release
	EndGlobalSection
	GlobalSection(SolutionProperties) = preSolution
		HideSolutionNode = FALSE
	EndGlobalSection
	GlobalSection(ExtensibilityGlobals) = postSolution
		SolutionGuid = {CB5D5D38-6B82-4F97-ADE0-6FC1EB1E2E4C}
	EndGlobalSection
EndGlobal
